
Microsoft Visual Studio Solution File, Format Version 12.00
# Visual Studio 15
VisualStudioVersion = 15.0.28307.539
MinimumVisualStudioVersion = 10.0.40219.1
Project("{9A19103F-16F7-4668-BE54-9A1E7A4F7556}") = "TesteDLL", "TesteDLL\TesteDLL.csproj", "{92932CFE-1220-4EDD-A640-E95D5DC27EE5}"
EndProject
Project("{FAE04EC0-301F-11D3-BF4B-00C04F79EFBC}") = "RodandoDLL", "RodandoDLL\RodandoDLL.csproj", "{128AD70E-21A9-4F43-A5A0-F412159BD90C}"
EndProject
Global
	GlobalSection(SolutionConfigurationPlatforms) = preSolution
		Debug|Any CPU = Debug|Any CPU
		Release|Any CPU = Release|Any CPU
	EndGlobalSection
	GlobalSection(ProjectConfigurationPlatforms) = postSolution
		{92932CFE-1220-4EDD-A640-E95D5DC27EE5}.Debug|Any CPU.ActiveCfg = Debug|Any CPU
		{92932CFE-1220-4EDD-A640-E95D5DC27EE5}.Debug|Any CPU.Build.0 = Debug|Any CPU
		{92932CFE-1220-4EDD-A640-E95D5DC27EE5}.Release|Any CPU.ActiveCfg = Release|Any CPU
		{92932CFE-1220-4EDD-A640-E95D5DC27EE5}.Release|Any CPU.Build.0 = Release|Any CPU
		{128AD70E-21A9-4F43-A5A0-F412159BD90C}.Debug|Any CPU.ActiveCfg = Debug|Any CPU
		{128AD70E-21A9-4F43-A5A0-F412159BD90C}.Debug|Any CPU.Build.0 = Debug|Any CPU
		{128AD70E-21A9-4F43-A5A0-F412159BD90C}.Release|Any CPU.ActiveCfg = Release|Any CPU
		{128AD70E-21A9-4F43-A5A0-F412159BD90C}.Release|Any CPU.Build.0 = Release|Any CPU
	EndGlobalSection
	GlobalSection(SolutionProperties) = preSolution
		HideSolutionNode = FALSE
	EndGlobalSection
	GlobalSection(ExtensibilityGlobals) = postSolution
		SolutionGuid = {A2285BB8-0E47-4B11-B681-1820D1E4F844}
	EndGlobalSection
EndGlobal
